
Microsoft Visual Studio Solution File, Format Version 12.00
# Visual Studio Version 16
VisualStudioVersion = 16.0.30517.126
MinimumVisualStudioVersion = 10.0.40219.1
Project("{FAE04EC0-301F-11D3-BF4B-00C04F79EFBC}") = "PetClass", "PetClass\PetClass.csproj", "{4A9B43B6-A071-4B3C-BCBB-0CDD595DBE37}"
EndProject
Global
	GlobalSection(SolutionConfigurationPlatforms) = preSolution
		Debug|Any CPU = Debug|Any CPU
		Release|Any CPU = Release|Any CPU
	EndGlobalSection
	GlobalSection(ProjectConfigurationPlatforms) = postSolution
		{4A9B43B6-A071-4B3C-BCBB-0CDD595DBE37}.Debug|Any CPU.ActiveCfg = Debug|Any CPU
		{4A9B43B6-A071-4B3C-BCBB-0CDD595DBE37}.Debug|Any CPU.Build.0 = Debug|Any CPU
		{4A9B43B6-A071-4B3C-BCBB-0CDD595DBE37}.Release|Any CPU.ActiveCfg = Release|Any CPU
		{4A9B43B6-A071-4B3C-BCBB-0CDD595DBE37}.Release|Any CPU.Build.0 = Release|Any CPU
	EndGlobalSection
	GlobalSection(SolutionProperties) = preSolution
		HideSolutionNode = FALSE
	EndGlobalSection
	GlobalSection(ExtensibilityGlobals) = postSolution
		SolutionGuid = {C2B460A5-807C-4933-8655-80B3B78A98EE}
	EndGlobalSection
EndGlobal
